
Microsoft Visual Studio Solution File, Format Version 12.00
# Visual Studio Version 16
VisualStudioVersion = 16.0.30907.101
MinimumVisualStudioVersion = 10.0.40219.1
Project("{9A19103F-16F7-4668-BE54-9A1E7A4F7556}") = "Entities", "Entities\Entities.csproj", "{B9977046-514C-4DD0-BA77-D59626350E46}"
EndProject
Project("{9A19103F-16F7-4668-BE54-9A1E7A4F7556}") = "DataAccess", "DataAccess\DataAccess.csproj", "{E6894A41-7CCB-4595-AD42-3A6E9902B423}"
EndProject
Project("{9A19103F-16F7-4668-BE54-9A1E7A4F7556}") = "Business", "Business\Business.csproj", "{BD7587CE-2C56-4E56-9F32-79547B6D94E9}"
EndProject
Project("{9A19103F-16F7-4668-BE54-9A1E7A4F7556}") = "Core", "Core\Core.csproj", "{7578C7E5-BB28-4102-A73A-BF927FE5DB14}"
EndProject
Project("{9A19103F-16F7-4668-BE54-9A1E7A4F7556}") = "ConsoleUI", "ConsoleUI\ConsoleUI.csproj", "{ED48EAFE-22B2-4979-91E6-AA1148F9A839}"
EndProject
Project("{FAE04EC0-301F-11D3-BF4B-00C04F79EFBC}") = "WebAPI", "WebAPI\WebAPI.csproj", "{0D46CA5D-6F44-413B-9453-C4FC6D641180}"
EndProject
Global
	GlobalSection(SolutionConfigurationPlatforms) = preSolution
		Debug|Any CPU = Debug|Any CPU
		Release|Any CPU = Release|Any CPU
	EndGlobalSection
	GlobalSection(ProjectConfigurationPlatforms) = postSolution
		{B9977046-514C-4DD0-BA77-D59626350E46}.Debug|Any CPU.ActiveCfg = Debug|Any CPU
		{B9977046-514C-4DD0-BA77-D59626350E46}.Debug|Any CPU.Build.0 = Debug|Any CPU
		{B9977046-514C-4DD0-BA77-D59626350E46}.Release|Any CPU.ActiveCfg = Release|Any CPU
		{B9977046-514C-4DD0-BA77-D59626350E46}.Release|Any CPU.Build.0 = Release|Any CPU
		{E6894A41-7CCB-4595-AD42-3A6E9902B423}.Debug|Any CPU.ActiveCfg = Debug|Any CPU
		{E6894A41-7CCB-4595-AD42-3A6E9902B423}.Debug|Any CPU.Build.0 = Debug|Any CPU
		{E6894A41-7CCB-4595-AD42-3A6E9902B423}.Release|Any CPU.ActiveCfg = Release|Any CPU
		{E6894A41-7CCB-4595-AD42-3A6E9902B423}.Release|Any CPU.Build.0 = Release|Any CPU
		{BD7587CE-2C56-4E56-9F32-79547B6D94E9}.Debug|Any CPU.ActiveCfg = Debug|Any CPU
		{BD7587CE-2C56-4E56-9F32-79547B6D94E9}.Debug|Any CPU.Build.0 = Debug|Any CPU
		{BD7587CE-2C56-4E56-9F32-79547B6D94E9}.Release|Any CPU.ActiveCfg = Release|Any CPU
		{BD7587CE-2C56-4E56-9F32-79547B6D94E9}.Release|Any CPU.Build.0 = Release|Any CPU
		{7578C7E5-BB28-4102-A73A-BF927FE5DB14}.Debug|Any CPU.ActiveCfg = Debug|Any CPU
		{7578C7E5-BB28-4102-A73A-BF927FE5DB14}.Debug|Any CPU.Build.0 = Debug|Any CPU
		{7578C7E5-BB28-4102-A73A-BF927FE5DB14}.Release|Any CPU.ActiveCfg = Release|Any CPU
		{7578C7E5-BB28-4102-A73A-BF927FE5DB14}.Release|Any CPU.Build.0 = Release|Any CPU
		{ED48EAFE-22B2-4979-91E6-AA1148F9A839}.Debug|Any CPU.ActiveCfg = Debug|Any CPU
		{ED48EAFE-22B2-4979-91E6-AA1148F9A839}.Debug|Any CPU.Build.0 = Debug|Any CPU
		{ED48EAFE-22B2-4979-91E6-AA1148F9A839}.Release|Any CPU.ActiveCfg = Release|Any CPU
		{ED48EAFE-22B2-4979-91E6-AA1148F9A839}.Release|Any CPU.Build.0 = Release|Any CPU
		{0D46CA5D-6F44-413B-9453-C4FC6D641180}.Debug|Any CPU.ActiveCfg = Debug|Any CPU
		{0D46CA5D-6F44-413B-9453-C4FC6D641180}.Debug|Any CPU.Build.0 = Debug|Any CPU
		{0D46CA5D-6F44-413B-9453-C4FC6D641180}.Release|Any CPU.ActiveCfg = Release|Any CPU
		{0D46CA5D-6F44-413B-9453-C4FC6D641180}.Release|Any CPU.Build.0 = Release|Any CPU
	EndGlobalSection
	GlobalSection(SolutionProperties) = preSolution
		HideSolutionNode = FALSE
	EndGlobalSection
	GlobalSection(ExtensibilityGlobals) = postSolution
		SolutionGuid = {2A418158-3447-497C-B991-77972D84FF2F}
	EndGlobalSection
EndGlobal
